
Microsoft Visual Studio Solution File, Format Version 12.00
# Visual Studio Version 16
VisualStudioVersion = 16.0.29215.179
MinimumVisualStudioVersion = 10.0.40219.1
Project("{8BC9CEB8-8B4A-11D0-8D11-00A0C91BC942}") = "07_FunctionDefinitions", "07_FunctionDefinitions.vcxproj", "{A5CC0437-8CAC-4163-B662-71BFB158662A}"
EndProject
Global
	GlobalSection(SolutionConfigurationPlatforms) = preSolution
		Debug|x64 = Debug|x64
		Debug|x86 = Debug|x86
		Release|x64 = Release|x64
		Release|x86 = Release|x86
	EndGlobalSection
	GlobalSection(ProjectConfigurationPlatforms) = postSolution
		{A5CC0437-8CAC-4163-B662-71BFB158662A}.Debug|x64.ActiveCfg = Debug|x64
		{A5CC0437-8CAC-4163-B662-71BFB158662A}.Debug|x64.Build.0 = Debug|x64
		{A5CC0437-8CAC-4163-B662-71BFB158662A}.Debug|x86.ActiveCfg = Debug|Win32
		{A5CC0437-8CAC-4163-B662-71BFB158662A}.Debug|x86.Build.0 = Debug|Win32
		{A5CC0437-8CAC-4163-B662-71BFB158662A}.Release|x64.ActiveCfg = Release|x64
		{A5CC0437-8CAC-4163-B662-71BFB158662A}.Release|x64.Build.0 = Release|x64
		{A5CC0437-8CAC-4163-B662-71BFB158662A}.Release|x86.ActiveCfg = Release|Win32
		{A5CC0437-8CAC-4163-B662-71BFB158662A}.Release|x86.Build.0 = Release|Win32
	EndGlobalSection
	GlobalSection(SolutionProperties) = preSolution
		HideSolutionNode = FALSE
	EndGlobalSection
	GlobalSection(ExtensibilityGlobals) = postSolution
		SolutionGuid = {863856B4-17BF-4CC9-822A-DEA4D8749427}
	EndGlobalSection
EndGlobal
